[[package]]
name = "unicodecsv"
version = "0.14.1"
description = "Python2's stdlib csv module is nice, but it doesn't support unicode. This module is a drop-in replacement which *does*."
category = "main"
optional = false
python-versions = "*"

[metadata]
lock-version = "1.1"
python-versions = "^3.6"
content-hash = "a2dbfe0efb1a442b962c7ba3ba3b8426f520795bc6b7be369207178e4c320fae"

[metadata.files]
unicodecsv = [
    {file = "unicodecsv-0.14.1.tar.gz", hash = "sha256:018c08037d48649a0412063ff4eda26eaa81eff1546dbffa51fa5293276ff7fc"},
]
